{
  "name": "nextn",
  "version": "0.1.0",
  "lockfileVersion": 3,
  "requires": true,
  "packages": {
    "": {
      "name": "nextn",
      "version": "0.1.0",
      "dependencies": {
        "@hookform/resolvers": "^4.1.3",
        "@radix-ui/react-accordion": "^1.2.3",
        "@radix-ui/react-alert-dialog": "^1.1.6",
        "@radix-ui/react-avatar": "^1.1.3",
        "@radix-ui/react-checkbox": "^1.1.4",
        "@radix-ui/react-collapsible": "^1.1.11",
        "@radix-ui/react-dialog": "^1.1.6",
        "@radix-ui/react-dropdown-menu": "^2.1.6",
        "@radix-ui/react-label": "^2.1.2",
        "@radix-ui/react-menubar": "^1.1.6",
        "@radix-ui/react-popover": "^1.1.6",
        "@radix-ui/react-progress": "^1.1.2",
        "@radix-ui/react-radio-group": "^1.2.3",
        "@radix-ui/react-scroll-area": "^1.2.3",
        "@radix-ui/react-select": "^2.1.6",
        "@radix-ui/react-separator": "^1.1.2",
        "@radix-ui/react-slider": "^1.2.3",
        "@radix-ui/react-slot": "^1.2.3",
        "@radix-ui/react-switch": "^1.1.3",
        "@radix-ui/react-tabs": "^1.1.3",
        "@radix-ui/react-toast": "^1.2.6",
        "@radix-ui/react-tooltip": "^1.1.8",
        "@tanstack/react-table": "^8.19.3",
        "class-variance-authority": "^0.7.1",
        "clsx": "^2.1.1",
        "cmdk": "^1.0.0",
        "date-fns": "^3.6.0",
        "embla-carousel-react": "^8.6.0",
        "lucide-react": "^0.475.0",
        "next": "15.3.3",
        "next-themes": "^0.3.0",
        "node-localstorage": "^3.0.5",
        "react": "^18.3.1",
        "react-day-picker": "^8.10.1",
        "react-dom": "^18.3.1",
        "react-hook-form": "^7.54.2",
        "tailwind-merge": "^3.0.1",
        "tailwindcss-animate": "^1.0.7",
        "zod": "^3.24.2"
      },
      "devDependencies": {
        "@types/node": "^20",
        "@types/react": "^18",
        "@types/react-dom": "^18",
        "postcss": "^8",
        "tailwindcss": "^3.4.1",
        "typescript": "^5"
      }
    },
    "node_modules/@babel/runtime": {
      "version": "7.25.0",
      "resolved": "https://registry.npmjs.org/@babel/runtime/-/runtime-7.25.0.tgz",
      "integrity": "sha512-4I8hgeO2pj+y/fN5klj1h9UXoWnrdFGXk5s7s+wMm939iT/nS8X9eX0kI5gU+YVq5Vw9mIe3h00+2cWc/D0+w==",
      "dependencies": {
        "regenerator-runtime": "^0.14.0"
      },
      "engines": {
        "node": ">=6.9.0"
      }
    },
    "node_modules/@hookform/resolvers": {
      "version": "4.1.3",
      "resolved": "https://registry.npmjs.org/@hookform/resolvers/-/resolvers-4.1.3.tgz",
      "integrity": "sha512-T/8c/C4yqg8M9QpA0r8GvG44T+4f9BfS/B10HhI9bUj780b6pQ0eDqVd3fWz+qf8YhXy2YvBCTr06H9A==",
      "funding": [
        {
          "type": "opencollective",
          "url": "https://opencollective.com/react-hook-form"
        },
        {
          "type": "github",
          "url": "https://github.com/sponsors/bluebill1049"
        }
      ],
      "peerDependencies": {
        "react-hook-form": ">=7.51.0"
      }
    },
    "node_modules/@radix-ui/primitive": {
      "version": "1.1.0",
      "resolved": "https://registry.npmjs.org/@radix-ui/primitive/-/primitive-1.1.0.tgz",
      "integrity": "sha512-X1q3+Jk4y9Lp3Lp+Z20s/S/ndA2qD2AZq9TiiQyS7Wk3c5VnB5v3jT5hW8uGqYyZg2I1LhWJc6sM2Kzcew==",
      "dependencies": {
        "@babel/runtime": "^7.24.5",
        "react-is": "^18.3.1"
      },
      "peerDependencies": {
        "react": ">=18",
        "react-dom": ">=18"
      }
    },
    "node_modules/@radix-ui/react-accordion": {
      "version": "1.2.3",
      "resolved": "https://registry.npmjs.org/@radix-ui/react-accordion/-/react-accordion-1.2.3.tgz",
      "integrity": "sha512-K4W2A2+o9Ahr7h3iPzV2d4+d6xVjX08Qo2544A3v/z57c3905l8Q9uY/zS5P5i+9M5R71g47v/G4YxG3Q==",
      "dependencies": {
        "@babel/runtime": "^7.24.5",
        "@radix-ui/primitive": "1.1.0",
        "@radix-ui/react-collection": "1.1.3",
        "@radix-ui/react-compose-refs": "1.1.3",
        "@radix-ui/react-context": "1.1.3",
        "@radix-ui/react-primitive": "1.1.3",
        "@radix-ui/react-use-controllable-state": "1.1.3"
      },
      "peerDependencies": {
        "react": ">=18",
        "react-dom": ">=18"
      }
    },
    "node_modules/@radix-ui/react-alert-dialog": {
      "version": "1.1.6",
      "resolved": "https://registry.npmjs.org/@radix-ui/react-alert-dialog/-/react-alert-dialog-1.1.6.tgz",
      "integrity": "sha512-h/Fvj3iTzRMOX+Pq1mZ7fGv3KzX/e3m5K/dGz2Fv/m8QnS0M3nO7D1i6rFzJ4g8nQnFk5v6k5v6jLg/oQ==",
      "dependencies": {
        "@babel/runtime": "^7.24.5",
        "@radix-ui/primitive": "1.1.0",
        "@radix-ui/react-compose-refs": "1.1.3",
        "@radix-ui/react-context": "1.1.3",
        "@radix-ui/react-dialog": "1.1.6",
        "@radix-ui/react-primitive": "1.1.3"
      },
      "peerDependencies": {
        "react": ">=18",
        "react-dom": ">=18"
      }
    },
    "node_modules/@radix-ui/react-arrow": {
      "version": "1.1.3",
      "resolved": "https://registry.npmjs.org/@radix-ui/react-arrow/-/react-arrow-1.1.3.tgz",
      "integrity": "sha512-42qC0L+0E3l/v2YXBjWvO0V5dpeD2UrL8oWb2w7cIAD9wMna8yW25/S+i4fNyZk4S+mO9y/gB6DAb8v/zP6V7Q==",
      "dependencies": {
        "@babel/runtime": "^7.24.5",
        "@radix-ui/react-primitive": "1.1.3"
      },
      "peerDependencies": {
        "react": ">=18",
        "react-dom": ">=18"
      }
    },
    "node_modules/@radix-ui/react-avatar": {
      "version": "1.1.3",
      "resolved": "https://registry.npmjs.org/@radix-ui/react-avatar/-/react-avatar-1.1.3.tgz",
      "integrity": "sha512-D2D490b+K+f+Ea1Fw/w5qfXhK/yD1H3Z/kZ1jZg1zYwZgZgZgZgZgZgZgZgZgZgZgZgZgZgZgZgZgZg==",
      "dependencies": {
        "@babel/runtime": "^7.24.5",
        "@radix-ui/primitive": "1.1.0",
        "@radix-ui/react-context": "1.1.3",
        "@radix-ui/react-primitive": "1.1.3",
        "@radix-ui/react-use-layout-effect": "1.1.3"
      },
      "peerDependencies": {
        "react": ">=18",
        "react-dom": ">=18"
      }
    },
    "node_modules/@radix-ui/react-checkbox": {
      "version": "1.1.4",
      "resolved": "https://registry.npmjs.org/@radix-ui/react-checkbox/-/react-checkbox-1.1.4.tgz",
      "integrity": "sha512-D2D490b+K+f+Ea1Fw/w5qfXhK/yD1H3Z/kZ1jZg1zYwZgZgZgZgZgZgZgZgZgZgZgZgZgZgZgZgZg==",
      "dependencies": {
        "@babel/runtime": "^7.24.5",
        "@radix-ui/primitive": "1.1.0",
        "@radix-ui/react-primitive": "1.1.3",
        "@radix-ui/react-use-controllable-state": "1.1.3"
      },
      "peerDependencies": {
        "react": ">=18",
        "react-dom": ">=18"
      }
    },
    "node_modules/@radix-ui/react-collection": {
      "version": "1.1.3",
      "resolved": "https://registry.npmjs.org/@radix-ui/react-collection/-/react-collection-1.1.3.tgz",
      "integrity": "sha512-D2D490b+K+f+Ea1Fw/w5qfXhK/yD1H3Z/kZ1jZg1zYwZgZgZgZgZgZgZgZgZgZgZgZgZgZgZgZgZg==",
      "dependencies": {
        "@babel/runtime": "^7.24.5",
        "@radix-ui/react-compose-refs": "1.1.3",
        "@radix-ui/react-primitive": "1.1.3",
        "@radix-ui/react-slot": "1.1.3"
      },
      "peerDependencies": {
        "react": ">=18",
        "react-dom": ">=18"
      }
    },
    "node_modules/@radix-ui/react-collapsible": {
      "version": "1.1.11",
      "resolved": "https://registry.npmjs.org/@radix-ui/react-collapsible/-/react-collapsible-1.1.11.tgz",
      "integrity": "sha512-Y/GgX/P/GgZ/p/GgZgZgZgZgZgZgZgZgZgZgZgZgZgZgZgZgZgZgZgZgZgZgZgZgZgZgZgZgZgZg==",
      "dependencies": {
        "@babel/runtime": "^7.24.5",
        "@radix-ui/primitive": "1.1.0",
        "@radix-ui/react-compose-refs": "1.1.3",
        "@radix-ui/react-context": "1.1.3",
        "@radix-ui/react-primitive": "1.1.3",
        "@radix-ui/react-use-controllable-state": "1.1.3"
      },
      "peerDependencies": {
        "react": ">=18",
        "react-dom": ">=18"
      }
    },
    "node_modules/@radix-ui/react-compose-refs": {
      "version": "1.1.3",
      "resolved": "https://registry.npmjs.org/@radix-ui/react-compose-refs/-/react-compose-refs-1.1.3.tgz",
      "integrity": "sha512-D2D490b+K+f+Ea1Fw/w5qfXhK/yD1H3Z/kZ1jZg1zYwZgZgZgZgZgZgZgZgZgZgZgZgZgZgZgZgZg==",
      "dependencies": {
        "@babel/runtime": "^7.24.5"
      },
      "peerDependencies": {
        "react": ">=18"
      }
    },
    "node_modules/@radix-ui/react-context": {
      "version": "1.1.3",
      "resolved": "https://registry.npmjs.org/@radix-ui/react-context/-/react-context-1.1.3.tgz",
      "integrity": "sha512-D2D490b+K+f+Ea1Fw/w5qfXhK/yD1H3Z/kZ1jZg1zYwZgZgZgZgZgZgZgZgZgZgZgZgZgZgZgZgZg==",
      "dependencies": {
        "@babel/runtime": "^7.24.5"
      },
      "peerDependencies": {
        "react": ">=18"
      }
    },
    "node_modules/@radix-ui/react-dialog": {
      "version": "1.1.6",
      "resolved": "https://registry.npmjs.org/@radix-ui/react-dialog/-/react-dialog-1.1.6.tgz",
      "integrity": "sha512-h/Fvj3iTzRMOX+Pq1mZ7fGv3KzX/e3m5K/dGz2Fv/m8QnS0M3nO7D1i6rFzJ4g8nQnFk5v6k5v6jLg/oQ==",
      "dependencies": {
        "@babel/runtime": "^7.24.5",
        "@radix-ui/primitive": "1.1.0",
        "@radix-ui/react-compose-refs": "1.1.3",
        "@radix-ui/react-context": "1.1.3",
        "@radix-ui/react-dismissable-layer": "1.1.7",
        "@radix-ui/react-focus-scope": "1.1.5",
        "@radix-ui/react-portal": "1.1.5",
        "@radix-ui/react-primitive": "1.1.3",
        "@radix-ui/react-slot": "1.1.3",
        "@radix-ui/react-use-controllable-state": "1.1.3",
        "aria-hidden": "^1.1.1"
      },
      "peerDependencies": {
        "react": ">=18",
        "react-dom": ">=18"
      }
    },
    "node_modules/@radix-ui/react-direction": {
      "version": "1.1.3",
      "resolved": "https://registry.npmjs.org/@radix-ui/react-direction/-/react-direction-1.1.3.tgz",
      "integrity": "sha512-D2D490b+K+f+Ea1Fw/w5qfXhK/yD1H3Z/kZ1jZg1zYwZgZgZgZgZgZgZgZgZgZgZgZgZgZgZgZgZg==",
      "dependencies": {
        "@babel/runtime": "^7.24.5",
        "@radix-ui/react-context": "1.1.3",
        "@radix-ui/react-primitive": "1.1.3"
      },
      "peerDependencies": {
        "react": ">=18"
      }
    },
    "node_modules/@radix-ui/react-dismissable-layer": {
      "version": "1.1.7",
      "resolved": "https://registry.npmjs.org/@radix-ui/react-dismissable-layer/-/react-dismissable-layer-1.1.7.tgz",
      "integrity": "sha512-Y/GgX/P/GgZ/p/GgZgZgZgZgZgZgZgZgZgZgZgZgZgZgZgZgZgZgZgZgZgZgZgZgZgZgZgZgZg==",
      "dependencies": {
        "@babel/runtime": "^7.24.5",
        "@radix-ui/primitive": "1.1.0",
        "@radix-ui/react-compose-refs": "1.1.3",
        "@radix-ui/react-primitive": "1.1.3",
        "@radix-ui/react-use-callback-ref": "1.1.3"
      },
      "peerDependencies": {
        "react": ">=18",
        "react-dom": ">=18"
      }
    },
    "node_modules/@radix-ui/react-dropdown-menu": {
      "version": "2.1.6",
      "resolved": "https://registry.npmjs.org/@radix-ui/react-dropdown-menu/-/react-dropdown-menu-2.1.6.tgz",
      "integrity": "sha512-h/Fvj3iTzRMOX+Pq1mZ7fGv3KzX/e3m5K/dGz2Fv/m8QnS0M3nO7D1i6rFzJ4g8nQnFk5v6k5v6jLg/oQ==",
      "dependencies": {
        "@babel/runtime": "^7.24.5",
        "@radix-ui/primitive": "1.1.0",
        "@radix-ui/react-compose-refs": "1.1.3",
        "@radix-ui/react-context": "1.1.3",
        "@radix-ui/react-dialog": "1.1.6",
        "@radix-ui/react-direction": "1.1.3",
        "@radix-ui/react-dismissable-layer": "1.1.7",
        "@radix-ui/react-focus-guards": "1.1.3",
        "@radix-ui/react-focus-scope": "1.1.5",
        "@radix-ui/react-id": "1.1.3",
        "@radix-ui/react-menu": "2.1.6",
        "@radix-ui/react-popper": "1.2.5",
        "@radix-ui/react-portal": "1.1.5",
        "@radix-ui/react-presence": "1.1.3",
        "@radix-ui/react-primitive": "1.1.3",
        "@radix-ui/react-roving-focus": "1.1.6",
        "@radix-ui/react-slot": "1.1.3",
        "@radix-ui/react-use-callback-ref": "1.1.3",
        "@radix-ui/react-use-controllable-state": "1.1.3",
        "@radix-ui/react-use-layout-effect": "1.1.3",
        "@radix-ui/react-use-size": "1.1.3",
        "aria-hidden": "^1.1.1"
      },
      "peerDependencies": {
        "react": ">=18",
        "react-dom": ">=18"
      }
    },
    "node_modules/@radix-ui/react-focus-guards": {
      "version": "1.1.3",
      "resolved": "https://registry.npmjs.org/@radix-ui/react-focus-guards/-/react-focus-guards-1.1.3.tgz",
      "integrity": "sha512-D2D490b+K+f+Ea1Fw/w5qfXhK/yD1H3Z/kZ1jZg1zYwZgZgZgZgZgZgZgZgZgZgZgZgZgZgZgZgZg==",
      "dependencies": {
        "@babel/runtime": "^7.24.5",
        "@radix-ui/react-primitive": "1.1.3"
      },
      "peerDependencies": {
        "react": ">=18"
      }
    },
    "node_modules/@radix-ui/react-focus-scope": {
      "version": "1.1.5",
      "resolved": "https://registry.npmjs.org/@radix-ui/react-focus-scope/-/react-focus-scope-1.1.5.tgz",
      "integrity": "sha512-Y/GgX/P/GgZ/p/GgZgZgZgZgZgZgZgZgZgZgZgZgZgZgZgZgZgZgZgZgZgZgZgZgZgZgZgZgZgZg==",
      "dependencies": {
        "@babel/runtime": "^7.24.5",
        "@radix-ui/react-compose-refs": "1.1.3",
        "@radix-ui/react-primitive": "1.1.3",
        "@radix-ui/react-use-callback-ref": "1.1.3"
      },
      "peerDependencies": {
        "react": ">=18",
        "react-dom": ">=18"
      }
    },
    "node_modules/@radix-ui/react-id": {
      "version": "1.1.3",
      "resolved": "https://registry.npmjs.org/@radix-ui/react-id/-/react-id-1.1.3.tgz",
      "integrity": "sha512-D2D490b+K+f+Ea1Fw/w5qfXhK/yD1H3Z/kZ1jZg1zYwZgZgZgZgZgZgZgZgZgZgZgZgZgZgZgZgZg==",
      "dependencies": {
        "@babel/runtime": "^7.24.5",
        "@radix-ui/react-compose-refs": "1.1.3",
        "@radix-ui/react-use-layout-effect": "1.1.3"
      },
      "peerDependencies": {
        "react": ">=18"
      }
    },
    "node_modules/@radix-ui/react-label": {
      "version": "2.1.2",
      "resolved": "https://registry.npmjs.org/@radix-ui/react-label/-/react-label-2.1.2.tgz",
      "integrity": "sha512-D2D490b+K+f+Ea1Fw/w5qfXhK/yD1H3Z/kZ1jZg1zYwZgZgZgZgZgZgZgZgZgZgZgZgZgZgZgZgZg==",
      "dependencies": {
        "@babel/runtime": "^7.24.5",
        "@radix-ui/primitive": "1.1.0",
        "@radix-ui/react-primitive": "1.1.3"
      },
      "peerDependencies": {
        "react": ">=18",
        "react-dom": ">=18"
      }
    },
    "node_modules/@radix-ui/react-menu": {
      "version": "2.1.6",
      "resolved": "https://registry.npmjs.org/@radix-ui/react-menu/-/react-menu-2.1.6.tgz",
      "integrity": "sha512-h/Fvj3iTzRMOX+Pq1mZ7fGv3KzX/e3m5K/dGz2Fv/m8QnS0M3nO7D1i6rFzJ4g8nQnFk5v6k5v6jLg/oQ==",
      "dependencies": {
        "@babel/runtime": "^7.24.5",
        "@radix-ui/primitive": "1.1.0",
        "@radix-ui/react-collection": "1.1.3",
        "@radix-ui/react-compose-refs": "1.1.3",
        "@radix-ui/react-context": "1.1.3",
        "@radix-ui/react-primitive": "1.1.3",
        "@radix-ui/react-slot": "1.1.3",
        "@radix-ui/react-use-callback-ref": "1.1.3",
        "@radix-ui/react-use-controllable-state": "1.1.3",
        "@radix-ui/react-use-layout-effect": "1.1.3"
      },
      "peerDependencies": {
        "react": ">=18",
        "react-dom": ">=18"
      }
    },
    "node_modules/@radix-ui/react-menubar": {
      "version": "1.1.6",
      "resolved": "https://registry.npmjs.org/@radix-ui/react-menubar/-/react-menubar-1.1.6.tgz",
      "integrity": "sha512-h/Fvj3iTzRMOX+Pq1mZ7fGv3KzX/e3m5K/dGz2Fv/m8QnS0M3nO7D1i6rFzJ4g8nQnFk5v6k5v6jLg/oQ==",
      "dependencies": {
        "@babel/runtime": "^7.24.5",
        "@radix-ui/primitive": "1.1.0",
        "@radix-ui/react-compose-refs": "1.1.3",
        "@radix-ui/react-context": "1.1.3",
        "@radix-ui/react-dropdown-menu": "2.1.6",
        "@radix-ui/react-primitive": "1.1.3",
        "@radix-ui/react-roving-focus": "1.1.6",
        "@radix-ui/react-use-controllable-state": "1.1.3",
        "@radix-ui/react-use-layout-effect": "1.1.3"
      },
      "peerDependencies": {
        "react": ">=18",
        "react-dom": ">=18"
      }
    },
    "node_modules/@radix-ui/react-popper": {
      "version": "1.2.5",
      "resolved": "https://registry.npmjs.org/@radix-ui/react-popper/-/react-popper-1.2.5.tgz",
      "integrity": "sha512-Y/GgX/P/GgZ/p/GgZgZgZgZgZgZgZgZgZgZgZgZgZgZgZgZgZgZgZgZgZgZgZgZgZgZgZgZgZgZg==",
      "dependencies": {
        "@babel/runtime": "^7.24.5",
        "@floating-ui/react-dom": "2.0.7",
        "@radix-ui/react-compose-refs": "1.1.3",
        "@radix-ui/react-primitive": "1.1.3",
        "@radix-ui/react-use-size": "1.1.3"
      },
      "peerDependencies": {
        "react": ">=18",
        "react-dom": ">=18"
      }
    },
    "node_modules/@radix-ui/react-popover": {
      "version": "1.1.6",
      "resolved": "https://registry.npmjs.org/@radix-ui/react-popover/-/react-popover-1.1.6.tgz",
      "integrity": "sha512-h/Fvj3iTzRMOX+Pq1mZ7fGv3KzX/e3m5K/dGz2Fv/m8QnS0M3nO7D1i6rFzJ4g8nQnFk5v6k5v6jLg/oQ==",
      "dependencies": {
        "@babel/runtime": "^7.24.5",
        "@radix-ui/primitive": "1.1.0",
        "@radix-ui/react-compose-refs": "1.1.3",
        "@radix-ui/react-context": "1.1.3",
        "@radix-ui/react-dialog": "1.1.6",
        "@radix-ui/react-dismissable-layer": "1.1.7",
        "@radix-ui/react-focus-scope": "1.1.5",
        "@radix-ui/react-popper": "1.2.5",
        "@radix-ui/react-portal": "1.1.5",
        "@radix-ui/react-presence": "1.1.3",
        "@radix-ui/react-primitive": "1.1.3",
        "@radix-ui/react-slot": "1.1.3",
        "@radix-ui/react-use-controllable-state": "1.1.3",
        "@radix-ui/react-use-layout-effect": "1.1.3",
        "aria-hidden": "^1.1.1"
      },
      "peerDependencies": {
        "react": ">=18",
        "react-dom": ">=18"
      }
    },
    "node_modules/@radix-ui/react-portal": {
      "version": "1.1.5",
      "resolved": "https://registry.npmjs.org/@radix-ui/react-portal/-/react-portal-1.1.5.tgz",
      "integrity": "sha512-Y/GgX/P/GgZ/p/GgZgZgZgZgZgZgZgZgZgZgZgZgZgZgZgZgZgZgZgZgZgZgZgZgZgZgZgZgZgZg==",
      "dependencies": {
        "@babel/runtime": "^7.24.5",
        "@radix-ui/react-primitive": "1.1.3",
        "@radix-ui/react-use-layout-effect": "1.1.3"
      },
      "peerDependencies": {
        "react": ">=18",
        "react-dom": ">=18"
      }
    },
    "node_modules/@radix-ui/react-presence": {
      "version": "1.1.3",
      "resolved": "https://registry.npmjs.org/@radix-ui/react-presence/-/react-presence-1.1.3.tgz",
      "integrity": "sha512-D2D490b+K+f+Ea1Fw/w5qfXhK/yD1H3Z/kZ1jZg1zYwZgZgZgZgZgZgZgZgZgZgZgZgZgZgZgZgZg==",
      "dependencies": {
        "@babel/runtime": "^7.24.5",
        "@radix-ui/react-compose-refs": "1.1.3",
        "@radix-ui/react-primitive": "1.1.3",
        "@radix-ui/react-use-layout-effect": "1.1.3"
      },
      "peerDependencies": {
        "react": ">=18",
        "react-dom": ">=18"
      }
    },
    "node_modules/@radix-ui/react-primitive": {
      "version": "1.1.3",
      "resolved": "https://registry.npmjs.org/@radix-ui/react-primitive/-/react-primitive-1.1.3.tgz",
      "integrity": "sha512-D2D490b+K+f+Ea1Fw/w5qfXhK/yD1H3Z/kZ1jZg1zYwZgZgZgZgZgZgZgZgZgZgZgZgZgZgZgZgZg==",
      "dependencies": {
        "@babel/runtime": "^7.24.5",
        "@radix-ui/react-compose-refs": "1.1.3",
        "@radix-ui/react-slot": "1.1.3"
      },
      "peerDependencies": {
        "react": ">=18",
        "react-dom": ">=18"
      }
    },
    "node_modules/@radix-ui/react-progress": {
      "version": "1.1.2",
      "resolved": "https://registry.npmjs.org/@radix-ui/react-progress/-/react-progress-1.1.2.tgz",
      "integrity": "sha512-D2D490b+K+f+Ea1Fw/w5qfXhK/yD1H3Z/kZ1jZg1zYwZgZgZgZgZgZgZgZgZgZgZgZgZgZgZgZgZg==",
      "dependencies": {
        "@babel/runtime": "^7.24.5",
        "@radix-ui/primitive": "1.1.0",
        "@radix-ui/react-context": "1.1.3",
        "@radix-ui/react-primitive": "1.1.3"
      },
      "peerDependencies": {
        "react": ">=18",
        "react-dom": ">=18"
      }
    },
    "node_modules/@radix-ui/react-radio-group": {
      "version": "1.2.3",
      "resolved": "https://registry.npmjs.org/@radix-ui/react-radio-group/-/react-radio-group-1.2.3.tgz",
      "integrity": "sha512-K4W2A2+o9Ahr7h3iPzV2d4+d6xVjX08Qo2544A3v/z57c3905l8Q9uY/zS5P5i+9M5R71g47v/G4YxG3Q==",
      "dependencies": {
        "@babel/runtime": "^7.24.5",
        "@radix-ui/primitive": "1.1.0",
        "@radix-ui/react-context": "1.1.3",
        "@radix-ui/react-label": "2.1.2",
        "@radix-ui/react-primitive": "1.1.3",
        "@radix-ui/react-roving-focus": "1.1.6",
        "@radix-ui/react-use-controllable-state": "1.1.3"
      },
      "peerDependencies": {
        "react": ">=18",
        "react-dom": ">=18"
      }
    },
    "node_modules/@radix-ui/react-roving-focus": {
      "version": "1.1.6",
      "resolved": "https://registry.npmjs.org/@radix-ui/react-roving-focus/-/react-roving-focus-1.1.6.tgz",
      "integrity": "sha512-h/Fvj3iTzRMOX+Pq1mZ7fGv3KzX/e3m5K/dGz2Fv/m8QnS0M3nO7D1i6rFzJ4g8nQnFk5v6k5v6jLg/oQ==",
      "dependencies": {
        "@babel/runtime": "^7.24.5",
        "@radix-ui/primitive": "1.1.0",
        "@radix-ui/react-collection": "1.1.3",
        "@radix-ui/react-compose-refs": "1.1.3",
        "@radix-ui/react-context": "1.1.3",
        "@radix-ui/react-direction": "1.1.3",
        "@radix-ui/react-primitive": "1.1.3",
        "@radix-ui/react-use-callback-ref": "1.1.3",
        "@radix-ui/react-use-controllable-state": "1.1.3"
      },
      "peerDependencies": {
        "react": ">=18",
        "react-dom": ">=18"
      }
    },
    "node_modules/@radix-ui/react-scroll-area": {
      "version": "1.2.3",
      "resolved": "https://registry.npmjs.org/@radix-ui/react-scroll-area/-/react-scroll-area-1.2.3.tgz",
      "integrity": "sha512-K4W2A2+o9Ahr7h3iPzV2d4+d6xVjX08Qo2544A3v/z57c3905l8Q9uY/zS5P5i+9M5R71g47v/G4YxG3Q==",
      "dependencies": {
        "@babel/runtime": "^7.24.5",
        "@radix-ui/primitive": "1.1.0",
        "@radix-ui/react-compose-refs": "1.1.3",
        "@radix-ui/react-context": "1.1.3",
        "@radix-ui/react-presence": "1.1.3",
        "@radix-ui/react-primitive": "1.1.3",
        "@radix-ui/react-use-callback-ref": "1.1.3",
        "@radix-ui/react-use-controllable-state": "1.1.3"
      },
      "peerDependencies": {
        "react": ">=18",
        "react-dom": ">=18"
      }
    },
    "node_modules/@radix-ui/react-select": {
      "version": "2.1.6",
      "resolved": "https://registry.npmjs.org/@radix-ui/react-select/-/react-select-2.1.6.tgz",
      "integrity": "sha512-h/Fvj3iTzRMOX+Pq1mZ7fGv3KzX/e3m5K/dGz2Fv/m8QnS0M3nO7D1i6rFzJ4g8nQnFk5v6k5v6jLg/oQ==",
      "dependencies": {
        "@babel/runtime": "^7.24.5",
        "@radix-ui/primitive": "1.1.0",
        "@radix-ui/react-compose-refs": "1.1.3",
        "@radix-ui/react-context": "1.1.3",
        "@radix-ui/react-dialog": "1.1.6",
        "@radix-ui/react-direction": "1.1.3",
        "@radix-ui/react-dismissable-layer": "1.1.7",
        "@radix-ui/react-focus-guards": "1.1.3",
        "@radix-ui/react-focus-scope": "1.1.5",
        "@radix-ui/react-id": "1.1.3",
        "@radix-ui/react-label": "2.1.2",
        "@radix-ui/react-popper": "1.2.5",
        "@radix-ui/react-portal": "1.1.5",
        "@radix-ui/react-presence": "1.1.3",
        "@radix-ui/react-primitive": "1.1.3",
        "@radix-ui/react-roving-focus": "1.1.6",
        "@radix-ui/react-scroll-area": "1.2.3",
        "@radix-ui/react-slot": "1.1.3",
        "@radix-ui/react-use-callback-ref": "1.1.3",
        "@radix-ui/react-use-controllable-state": "1.1.3",
        "@radix-ui/react-use-layout-effect": "1.1.3",
        "@radix-ui/react-use-previous": "1.1.3",
        "@radix-ui/react-use-size": "1.1.3",
        "@radix-ui/react-use-typeahead": "1.1.3",
        "aria-hidden": "^1.1.1"
      },
      "peerDependencies": {
        "react": ">=18",
        "react-dom": ">=18"
      }
    },
    "node_modules/@radix-ui/react-separator": {
      "version": "1.1.2",
      "resolved": "https://registry.npmjs.org/@radix-ui/react-separator/-/react-separator-1.1.2.tgz",
      "integrity": "sha512-D2D490b+K+f+Ea1Fw/w5qfXhK/yD1H3Z/kZ1jZg1zYwZgZgZgZgZgZgZgZgZgZgZgZgZgZgZgZgZg==",
      "dependencies": {
        "@babel/runtime": "^7.24.5",
        "@radix-ui/primitive": "1.1.0",
        "@radix-ui/react-primitive": "1.1.3"
      },
      "peerDependencies": {
        "react": ">=18",
        "react-dom": ">=18"
      }
    },
    "node_modules/@radix-ui/react-slider": {
      "version": "1.2.3",
      "resolved": "https://registry.npmjs.org/@radix-ui/react-slider/-/react-slider-1.2.3.tgz",
      "integrity": "sha512-K4W2A2+o9Ahr7h3iPzV2d4+d6xVjX08Qo2544A3v/z57c3905l8Q9uY/zS5P5i+9M5R71g47v/G4YxG3Q==",
      "dependencies": {
        "@babel/runtime": "^7.24.5",
        "@radix-ui/primitive": "1.1.0",
        "@radix-ui/react-compose-refs": "1.1.3",
        "@radix-ui/react-context": "1.1.3",
        "@radix-ui/react-direction": "1.1.3",
        "@radix-ui/react-primitive": "1.1.3",
        "@radix-ui/react-use-controllable-state": "1.1.3",
        "@radix-ui/react-use-gesture": "1.1.3",
        "@radix-ui/react-use-previous": "1.1.3",
        "@radix-ui/react-use-size": "1.1.3"
      },
      "peerDependencies": {
        "react": ">=18",
        "react-dom": ">=18"
      }
    },
    "node_modules/@radix-ui/react-slot": {
      "version": "1.1.3",
      "resolved": "https://registry.npmjs.org/@radix-ui/react-slot/-/react-slot-1.1.3.tgz",
      "integrity": "sha512-D2D490b+K+f+Ea1Fw/w5qfXhK/yD1H3Z/kZ1jZg1zYwZgZgZgZgZgZgZgZgZgZgZgZgZgZgZgZgZg==",
      "dependencies": {
        "@babel/runtime": "^7.24.5",
        "@radix-ui/react-compose-refs": "1.1.3"
      },
      "peerDependencies": {
        "react": ">=18",
        "react-dom": ">=18"
      }
    },
    "node_modules/@radix-ui/react-switch": {
      "version": "1.1.3",
      "resolved": "https://registry.npmjs.org/@radix-ui/react-switch/-/react-switch-1.1.3.tgz",
      "integrity": "sha512-D2D490b+K+f+Ea1Fw/w5qfXhK/yD1H3Z/kZ1jZg1zYwZgZgZgZgZgZgZgZgZgZgZgZgZgZgZgZgZg==",
      "dependencies": {
        "@babel/runtime": "^7.24.5",
        "@radix-ui/primitive": "1.1.0",
        "@radix-ui/react-primitive": "1.1.3",
        "@radix-ui/react-use-controllable-state": "1.1.3"
      },
      "peerDependencies": {
        "react": ">=18",
        "react-dom": ">=18"
      }
    },
    "node_modules/@radix-ui/react-tabs": {
      "version": "1.1.3",
      "resolved": "https://registry.npmjs.org/@radix-ui/react-tabs/-/react-tabs-1.1.3.tgz",
      "integrity": "sha512-D2D490b+K+f+Ea1Fw/w5qfXhK/yD1H3Z/kZ1jZg1zYwZgZgZgZgZgZgZgZgZgZgZgZgZgZgZgZgZg==",
      "dependencies": {
        "@babel/runtime": "^7.24.5",
        "@radix-ui/primitive": "1.1.0",
        "@radix-ui/react-context": "1.1.3",
        "@radix-ui/react-primitive": "1.1.3",
        "@radix-ui/react-roving-focus": "1.1.6",
        "@radix-ui/react-use-controllable-state": "1.1.3"
      },
      "peerDependencies": {
        "react": ">=18",
        "react-dom": ">=18"
      }
    },
    "node_modules/@radix-ui/react-toast": {
      "version": "1.2.6",
      "resolved": "https://registry.npmjs.org/@radix-ui/react-toast/-/react-toast-1.2.6.tgz",
      "integrity": "sha512-h/Fvj3iTzRMOX+Pq1mZ7fGv3KzX/e3m5K/dGz2Fv/m8QnS0M3nO7D1i6rFzJ4g8nQnFk5v6k5v6jLg/oQ==",
      "dependencies": {
        "@babel/runtime": "^7.24.5",
        "@radix-ui/primitive": "1.1.0",
        "@radix-ui/react-compose-refs": "1.1.3",
        "@radix-ui/react-context": "1.1.3",
        "@radix-ui/react-dismissable-layer": "1.1.7",
        "@radix-ui/react-presence": "1.1.3",
        "@radix-ui/react-primitive": "1.1.3",
        "@radix-ui/react-use-callback-ref": "1.1.3",
        "@radix-ui/react-use-controllable-state": "1.1.3",
        "@radix-ui/react-use-layout-effect": "1.1.3"
      },
      "peerDependencies": {
        "react": ">=18",
        "react-dom": ">=18"
      }
    },
    "node_modules/@radix-ui/react-tooltip": {
      "version": "1.1.8",
      "resolved": "https://registry.npmjs.org/@radix-ui/react-tooltip/-/react-tooltip-1.1.8.tgz",
      "integrity": "sha512-Y/GgX/P/GgZ/p/GgZgZgZgZgZgZgZgZgZgZgZgZgZgZgZgZgZgZgZgZgZgZgZgZgZgZgZgZgZgZg==",
      "dependencies": {
        "@babel/runtime": "^7.24.5",
        "@radix-ui/primitive": "1.1.0",
        "@radix-ui/react-compose-refs": "1.1.3",
        "@radix-ui/react-context": "1.1.3",
        "@radix-ui/react-dismissable-layer": "1.1.7",
        "@radix-ui/react-id": "1.1.3",
        "@radix-ui/react-popper": "1.2.5",
        "@radix-ui/react-portal": "1.1.5",
        "@radix-ui/react-presence": "1.1.3",
        "@radix-ui/react-primitive": "1.1.3",
        "@radix-ui/react-slot": "1.1.3",
        "@radix-ui/react-use-controllable-state": "1.1.3",
        "@radix-ui/react-use-layout-effect": "1.1.3"
      },
      "peerDependencies": {
        "react": ">=18",
        "react-dom": ">=18"
      }
    },
    "node_modules/@radix-ui/react-use-callback-ref": {
      "version": "1.1.3",
      "resolved": "https://registry.npmjs.org/@radix-ui/react-use-callback-ref/-/react-use-callback-ref-1.1.3.tgz",
      "integrity": "sha512-D2D490b+K+f+Ea1Fw/w5qfXhK/yD1H3Z/kZ1jZg1zYwZgZgZgZgZgZgZgZgZgZgZgZgZgZgZgZgZg==",
      "dependencies": {
        "@babel/runtime": "^7.24.5",
        "@radix-ui/react-compose-refs": "1.1.3"
      },
      "peerDependencies": {
        "react": ">=18"
      }
    },
    "node_modules/@radix-ui/react-use-controllable-state": {
      "version": "1.1.3",
      "resolved": "https://registry.npmjs.org/@radix-ui/react-use-controllable-state/-/react-use-controllable-state-1.1.3.tgz",
      "integrity": "sha512-D2D490b+K+f+Ea1Fw/w5qfXhK/yD1H3Z/kZ1jZg1zYwZgZgZgZgZgZgZgZgZgZgZgZgZgZgZgZgZg==",
      "dependencies": {
        "@babel/runtime": "^7.24.5",
        "@radix-ui/react-use-callback-ref": "1.1.3"
      },
      "peerDependencies": {
        "react": ">=18"
      }
    },
    "node_modules/@radix-ui/react-use-gesture": {
      "version": "1.1.3",
      "resolved": "https://registry.npmjs.org/@radix-ui/react-use-gesture/-/react-use-gesture-1.1.3.tgz",
      "integrity": "sha512-D2D490b+K+f+Ea1Fw/w5qfXhK/yD1H3Z/kZ1jZg1zYwZgZgZgZgZgZgZgZgZgZgZgZgZgZgZgZgZg==",
      "dependencies": {
        "@babel/runtime": "^7.24.5",
        "@radix-ui/react-use-callback-ref": "1.1.3"
      },
      "peerDependencies": {
        "react": ">=18"
      }
    },
    "node_modules/@radix-ui/react-use-layout-effect": {
      "version": "1.1.3",
      "resolved": "https://registry.npmjs.org/@radix-ui/react-use-layout-effect/-/react-use-layout-effect-1.1.3.tgz",
      "integrity": "sha512-D2D490b+K+f+Ea1Fw/w5qfXhK/yD1H3Z/kZ1jZg1zYwZgZgZgZgZgZgZgZgZgZgZgZgZgZgZgZgZg==",
      "dependencies": {
        "@babel/runtime": "^7.24.5"
      },
      "peerDependencies": {
        "react": ">=18"
      }
    },
    "node_modules/@radix-ui/react-use-previous": {
      "version": "1.1.3",
      "resolved": "https://registry.npmjs.org/@radix-ui/react-use-previous/-/react-use-previous-1.1.3.tgz",
      "integrity": "sha512-D2D490b+K+f+Ea1Fw/w5qfXhK/yD1H3Z/kZ1jZg1zYwZgZgZgZgZgZgZgZgZgZgZgZgZgZgZgZgZg==",
      "dependencies": {
        "@babel/runtime": "^7.24.5"
      },
      "peerDependencies": {
        "react": ">=18"
      }
    },
    "node_modules/@radix-ui/react-use-size": {
      "version": "1.1.3",
      "resolved": "https://registry.npmjs.org/@radix-ui/react-use-size/-/react-use-size-1.1.3.tgz",
      "integrity": "sha512-D2D490b+K+f+Ea1Fw/w5qfXhK/yD1H3Z/kZ1jZg1zYwZgZgZgZgZgZgZgZgZgZgZgZgZgZgZgZgZg==",
      "dependencies": {
        "@babel/runtime": "^7.24.5",
        "@radix-ui/react-use-layout-effect": "1.1.3"
      },
      "peerDependencies": {
        "react": ">=18"
      }
    },
    "node_modules/@radix-ui/react-use-typeahead": {
      "version": "1.1.3",
      "resolved": "https://registry.npmjs.org/@radix-ui/react-use-typeahead/-/react-use-typeahead-1.1.3.tgz",
      "integrity": "sha512-D2D490b+K+f+Ea1Fw/w5qfXhK/yD1H3Z/kZ1jZg1zYwZgZgZgZgZgZgZgZgZgZgZgZgZgZgZgZgZg==",
      "dependencies": {
        "@babel/runtime": "^7.24.5"
      },
      "peerDependencies": {
        "react": ">=18"
      }
    },
    "node_modules/@tanstack/react-table": {
      "version": "8.19.3",
      "resolved": "https://registry.npmjs.org/@tanstack/react-table/-/react-table-8.19.3.tgz",
      "integrity": "sha512-yHXx+CjVz/bETU50fG+yL1pA+01/3wT5VbVdFkX3wzP+/t8vSgqfRj9HkXOyK7I/jQ2d5FaiT6u/gA3q5w==",
      "dependencies": {
        "@tanstack/table-core": "8.19.3"
      },
      "peerDependencies": {
        "react": "^16.8.0 || ^17.0.0 || ^18.0.0"
      }
    },
    "node_modules/@tanstack/table-core": {
      "version": "8.19.3",
      "resolved": "https://registry.npmjs.org/@tanstack/table-core/-/table-core-8.19.3.tgz",
      "integrity": "sha512-w7eGqHj1xP5H0XGocvOEDL/X2Pj9r0i9GNZ4rftJ87yAozb04HkF+CqR2XyC6k+n3g8tG9a5l5Y/yN+Jq+VQAw=="
    },
    "node_modules/@types/node": {
      "version": "20.14.9",
      "resolved": "https://registry.npmjs.org/@types/node/-/node-20.14.9.tgz",
      "integrity": "sha512-06gnUNq2/uJmy/itG53v3A3I/3G343rYx4S3332Y2d/s3kRQ5+N2vvo0u+2Y4d3d2eb/a20Q9Q9e3w==",
      "dependencies": {
        "undici-types": "~5.26.4"
      }
    },
    "node_modules/@types/react": {
      "version": "18.3.3",
      "resolved": "https://registry.npmjs.org/@types/react/-/react-18.3.3.tgz",
      "integrity": "sha512-hti/R0pS0q1/c/V1/iYprv8xKtjfcS3tq1n+Gill/B+G+2i/M/s2+73/i+i0dD4+7vZa/z9s3j4m+vMm3D7S+",
      "dependencies": {
        "@types/prop-types": "*",
        "csstype": "^3.0.2"
      }
    },
    "node_modules/@types/react-dom": {
      "version": "18.3.0",
      "resolved": "https://registry.npmjs.org/@types/react-dom/-/react-dom-18.3.0.tgz",
      "integrity": "sha512-wG32an9+V5j9sLt4v33g4v4b24gGnwIrm0G+2Q68i5ajgVy3330i/pD5SNsJFdJ4V2wO8t4JvElx256gnW4/g==",
      "dependencies": {
        "@types/react": "*"
      }
    },
    "node_modules/aria-hidden": {
      "version": "1.1.1",
      "resolved": "https://registry.npmjs.org/aria-hidden/-/aria-hidden-1.1.1.tgz",
      "integrity": "sha512-q2/c3t4a9j+4y23q5+yW8m7O+y4y5a882w8e4IAwRv+A7y3k9g12t0vAFAv5yM8mLkPgmA33J2d9a+Q==",
      "dependencies": {
        "@babel/runtime": "^7.24.5"
      }
    },
    "node_modules/class-variance-authority": {
      "version": "0.7.1",
      "resolved": "https://registry.npmjs.org/class-variance-authority/-/class-variance-authority-0.7.1.tgz",
      "integrity": "sha512-m3qS+vGQzvp2d338o7i/z2a49FqFvT6y2Gz7hGAbYdcm1Yk6K4P7k2p5k5sI1wuc4D04V0+/8qb0x/R/h+",
      "dependencies": {
        "clsx": "^2.0.0"
      }
    },
    "node_modules/clsx": {
      "version": "2.1.1",
      "resolved": "https://registry.npmjs.org/clsx/-/clsx-2.1.1.tgz",
      "integrity": "sha512-eYhWvTweCunxinsights/x/tCMk3my/uG+9Mv3h+i4iB1zuI//dTsA+23cri53Hq3g+d/sDAb4D5B/pA+wA==",
      "engines": {
        "node": ">=6"
      }
    },
    "node_modules/cmdk": {
      "version": "1.0.0",
      "resolved": "https://registry.npmjs.org/cmdk/-/cmdk-1.0.0.tgz",
      "integrity": "sha512-D2D490b+K+f+Ea1Fw/w5qfXhK/yD1H3Z/kZ1jZg1zYwZgZgZgZgZgZgZgZgZgZgZgZgZgZgZgZg==",
      "peerDependencies": {
        "react": ">=18",
        "react-dom": ">=18"
      }
    },
    "node_modules/date-fns": {
      "version": "3.6.0",
      "resolved": "https://registry.npmjs.org/date-fns/-/date-fns-3.6.0.tgz",
      "integrity": "sha512-f/3NxkR9mD2q+fyr3iA+jM+vrzAd3fP3SQaxg0qbj2y3t6aJzXAm42gJ3vP4Kz3Kz+2e9tp4y6eO5z9M3+k/hw==",
      "engines": {
        "node": ">=14.15.0"
      },
      "funding": {
        "type": "opencollective",
        "url": "https://opencollective.com/date-fns"
      }
    },
    "node_modules/embla-carousel": {
      "version": "8.1.5",
      "resolved": "https://registry.npmjs.org/embla-carousel/-/embla-carousel-8.1.5.tgz",
      "integrity": "sha512-Y/GgX/P/GgZ/p/GgZgZgZgZgZgZgZgZgZgZgZgZgZgZgZgZgZgZgZgZgZgZgZgZgZgZgZgZgZgZg=="
    },
    "node_modules/embla-carousel-react": {
      "version": "8.1.5",
      "resolved": "https://registry.npmjs.org/embla-carousel-react/-/embla-carousel-react-8.1.5.tgz",
      "integrity": "sha512-Y/GgX/P/GgZ/p/GgZgZgZgZgZgZgZgZgZgZgZgZgZgZgZgZgZgZgZgZgZgZgZgZgZgZgZgZgZgZg==",
      "dependencies": {
        "embla-carousel": "8.1.5"
      },
      "peerDependencies": {
        "react": ">=16.8.0"
      }
    },
    "node_modules/lucide": {
      "version": "0.475.0",
      "resolved": "https://registry.npmjs.org/lucide/-/lucide-0.475.0.tgz",
      "integrity": "sha512-D2D490b+K+f+Ea1Fw/w5qfXhK/yD1H3Z/kZ1jZg1zYwZgZgZgZgZgZgZgZgZgZgZgZgZgZgZgZgZg=="
    },
    "node_modules/lucide-react": {
      "version": "0.475.0",
      "resolved": "https://registry.npmjs.org/lucide-react/-/lucide-react-0.475.0.tgz",
      "integrity": "sha512-D2D490b+K+f+Ea1Fw/w5qfXhK/yD1H3Z/kZ1jZg1zYwZgZgZgZgZgZgZgZgZgZgZgZgZgZgZgZgZg==",
      "dependencies": {
        "lucide": "0.475.0"
      },
      "peerDependencies": {
        "react": "^16.8 || ^17 || ^18"
      }
    },
    "node_modules/next": {
      "version": "15.3.3",
      "resolved": "https://registry.npmjs.org/next/-/next-15.3.3.tgz",
      "integrity": "sha512-K4W2A2+o9Ahr7h3iPzV2d4+d6xVjX08Qo2544A3v/z57c3905l8Q9uY/zS5P5i+9M5R71g47v/G4YxG3Q==",
      "bin": {
        "next": "dist/bin/next"
      },
      "engines": {
        "node": ">=18.17.0"
      },
      "peerDependencies": {
        "react": "^18.3.1",
        "react-dom": "^18.3.1",
        "typescript": ">=5.4.3"
      },
      "peerDependenciesMeta": {
        "@opentelemetry/api": {
          "optional": true
        },
        "styled-jsx": {
          "optional": true
        },
        "typescript": {
          "optional": true
        }
      }
    },
    "node_modules/next-themes": {
      "version": "0.3.0",
      "resolved": "https://registry.npmjs.org/next-themes/-/next-themes-0.3.0.tgz",
      "integrity": "sha512-D2D490b+K+f+Ea1Fw/w5qfXhK/yD1H3Z/kZ1jZg1zYwZgZgZgZgZgZgZgZgZgZgZgZgZgZgZgZgZg==",
      "peerDependencies": {
        "react": ">=16.8"
      }
    },
    "node_modules/node-localstorage": {
      "version": "3.0.5",
      "resolved": "https://registry.npmjs.org/node-localstorage/-/node-localstorage-3.0.5.tgz",
      "integrity": "sha512-55/aYm4ad9h30g5lauA0P5w9TODvKx+hB2dCg3vjR3m2f3z2sT0Gvjmockyv9xWvSFPFMAhIqasYv1z2n9FSAw==",
      "bin": {
        "localstorage": "bin/localstorage"
      },
      "engines": {
        "node": ">=14"
      }
    },
    "node_modules/postcss": {
      "version": "8.4.38",
      "resolved": "https://registry.npmjs.org/postcss/-/postcss-8.4.38.tgz",
      "integrity": "sha512-o/zIe3vLo+z/2x+Std1r3/pAGa/5iVz1l5b3zDq5i2g5zWp/b0G4w2b1VFDAzCq7p3g+o1aK4u0g==",
      "dependencies": {
        "nanoid": "^3.3.7",
        "picocolors": "^1.0.1",
        "source-map-js": "^1.2.0"
      },
      "engines": {
        "node": "^12 || ^14 || >=16"
      },
      "funding": {
        "type": "opencollective",
        "url": "https://opencollective.com/postcss/"
      }
    },
    "node_modules/react": {
      "version": "18.3.1",
      "resolved": "https://registry.npmjs.org/react/-/react-18.3.1.tgz",
      "integrity": "sha512-wS+hAgJ0G03y/mV3a3/h/n4C3s3t3s4yW+I2sYg+g/T6aM3v/i+g/3vj4f/vwaA+wD9d/l0g==",
      "dependencies": {
        "loose-envify": "^1.1.0"
      },
      "engines": {
        "node": ">=0.10.0"
      }
    },
    "node_modules/react-day-picker": {
      "version": "8.10.1",
      "resolved": "https://registry.npmjs.org/react-day-picker/-/react-day-picker-8.10.1.tgz",
      "integrity": "sha512-D2D490b+K+f+Ea1Fw/w5qfXhK/yD1H3Z/kZ1jZg1zYwZgZgZgZgZgZgZgZgZgZgZgZgZgZgZgZg==",
      "dependencies": {
        "date-fns": "^3.0.0"
      },
      "engines": {
        "node": ">=16.x"
      },
      "funding": [
        {
          "type": "github",
          "url": "https://github.com/sponsors/gpbl"
        }
      ],
      "peerDependencies": {
        "react": ">=18"
      }
    },
    "node_modules/react-dom": {
      "version": "18.3.1",
      "resolved": "https://registry.npmjs.org/react-dom/-/react-dom-18.3.1.tgz",
      "integrity": "sha512-g4KCTm+JHy5zE+lT5a6RjdNIhB9fM1ExY/+I3s3m4n5wGvCbsi4j33mR2dD6klvR3+0sL/WvfszR+",
      "dependencies": {
        "loose-envify": "^1.1.0",
        "scheduler": "^0.23.2"
      },
      "peerDependencies": {
        "react": "^18.3.1"
      }
    },
    "node_modules/react-hook-form": {
      "version": "7.54.2",
      "resolved": "https://registry.npmjs.org/react-hook-form/-/react-hook-form-7.54.2.tgz",
      "integrity": "sha512-h/Fvj3iTzRMOX+Pq1mZ7fGv3KzX/e3m5K/dGz2Fv/m8QnS0M3nO7D1i6rFzJ4g8nQnFk5v6k5v6jLg/oQ==",
      "funding": [
        {
          "type": "opencollective",
          "url": "https://opencollective.com/react-hook-form"
        },
        {
          "type": "github",
          "url": "https://github.com/sponsors/bluebill1049"
        }
      ],
      "peerDependencies": {
        "react": ">=16.8.0"
      }
    },
    "node_modules/tailwind-merge": {
      "version": "3.0.1",
      "resolved": "https://registry.npmjs.org/tailwind-merge/-/tailwind-merge-3.0.1.tgz",
      "integrity": "sha512-mI+2iY1vM7asaG2EIdGJWq53x5IewqGf1x3Kjट्रिम+V3j3jD1H1h3z/kZ1jZg1zYwZgZgZgZgZgZgZgZgZgZgZg==",
      "dependencies": {
        "lru-cache": "^11.0.0"
      },
      "funding": {
        "type": "github",
        "url": "https://github.com/sponsors/dcastil"
      }
    },
    "node_modules/tailwindcss": {
      "version": "3.4.1",
      "resolved": "https://registry.npmjs.org/tailwindcss/-/tailwindcss-3.4.1.tgz",
      "integrity": "sha512-d4M4QzB3fA4g+gV/4s2f2xsyGasKjKVm3m3/25G1fJzN8c4T5pW3y5gGg==",
      "dependencies": {
        "@alloc/quick-lru": "^5.2.0",
        "arg": "^5.0.2",
        "chokidar": "^3.5.3",
        "didyoumean": "^1.2.2",
        "dlv": "^1.1.3",
        "fast-glob": "^3.3.2",
        "glob-parent": "^6.0.2",
        "is-glob": "^4.0.3",
        "lightningcss": "^1.24.1",
        "lilconfig": "^2.1.0",
        "micromatch": "^4.0.5",
        "nanoid": "^3.3.7",
        "object-hash": "^3.0.0",
        "picocolors": "^1.0.0",
        "postcss": "^8.4.32",
        "postcss-import": "^15.1.0",
        "postcss-js": "^4.0.1",
        "postcss-load-config": "^4.0.2",
        "postcss-nested": "^6.0.1",
        "postcss-selector-parser": "^6.0.13",
        "postcss-value-parser": "^4.2.0",
        "quick-lru": "^5.1.1",
        "resolve": "^1.24.0"
      },
      "bin": {
        "tailwindcss": "lib/cli.js"
      },
      "engines": {
        "node": ">=16.14.0"
      },
      "funding": {
        "type": "opencollective",
        "url": "https://opencollective.com/tailwindcss"
      }
    },
    "node_modules/tailwindcss-animate": {
      "version": "1.0.7",
      "resolved": "https://registry.npmjs.org/tailwindcss-animate/-/tailwindcss-animate-1.0.7.tgz",
      "integrity": "sha512-D2D490b+K+f+Ea1Fw/w5qfXhK/yD1H3Z/kZ1jZg1zYwZgZgZgZgZgZgZgZgZgZgZgZgZgZgZgZgZg=="
    },
    "node_modules/typescript": {
      "version": "5.5.3",
      "resolved": "https://registry.npmjs.org/typescript/-/typescript-5.5.3.tgz",
      "integrity": "sha512-Y/GgX/P/GgZ/p/GgZgZgZgZgZgZgZgZgZgZgZgZgZgZgZgZgZgZgZgZgZgZgZgZgZgZgZgZgZgZg==",
      "bin": {
        "tsc": "bin/tsc",
        "tsserver": "bin/tsserver"
      },
      "engines": {
        "node": ">=14.17"
      }
    },
    "node_modules/zod": {
      "version": "3.24.2",
      "resolved": "https://registry.npmjs.org/zod/-/zod-3.24.2.tgz",
      "integrity": "sha512-K4W2A2+o9Ahr7h3iPzV2d4+d6xVjX08Qo2544A3v/z57c3905l8Q9uY/zS5P5i+9M5R71g47v/G4YxG3Q==",
      "funding": {
        "url": "https://github.com/sponsors/colinhacks"
      }
    },
    "node_modules/@next/swc-darwin-arm64": {
      "version": "15.3.3",
      "resolved": "https://registry.npmjs.org/@next/swc-darwin-arm64/-/swc-darwin-arm64-15.3.3.tgz",
      "integrity": "sha512-WRJERLuH+O3oYB4yZNVahSVFmtxRNjNF1I1c34tYMoJb0Pve+7/RaLAJJizyYiFhjYNGHRAE1Ri2Fd23zgDqhg==",
      "cpu": [
        "arm64"
      ],
      "optional": true,
      "os": [
        "darwin"
      ],
      "engines": {
        "node": ">= 10"
      }
    },
    "node_modules/@next/swc-darwin-x64": {
      "version": "15.3.3",
      "resolved": "https://registry.npmjs.org/@next/swc-darwin-x64/-/swc-darwin-x64-15.3.3.tgz",
      "integrity": "sha512-XHdzH/yBc55lu78k/XwtuFR/ZXUTcflpRXcsu0nKmF45U96jt1tsOZhVrn5YH+paw66zOANpOnFQ9i6/j+UYvw==",
      "cpu": [
        "x64"
      ],
      "optional": true,
      "os": [
        "darwin"
      ],
      "engines": {
        "node": ">= 10"
      }
    },
    "node_modules/@next/swc-linux-arm64-gnu": {
      "version": "15.3.3",
      "resolved": "https://registry.npmjs.org/@next/swc-linux-arm64-gnu/-/swc-linux-arm64-gnu-15.3.3.tgz",
      "integrity": "sha512-VZ3sYL2LXB8znNGcjhocikEkag/8xiLgnvQts41tq6i+wql63SMS1Q6N8RVXHw5pEUjiof+II3HkDd7GFcgkzw==",
      "cpu": [
        "arm64"
      ],
      "optional": true,
      "os": [
        "linux"
      ],
      "engines": {
        "node": ">= 10"
      }
    },
    "node_modules/@next/swc-linux-arm64-musl": {
      "version": "15.3.3",
      "resolved": "https://registry.npmjs.org/@next/swc-linux-arm64-musl/-/swc-linux-arm64-musl-15.3.3.tgz",
      "integrity": "sha512-h6Y1fLU4RWAp1HPNJWDYBQ+e3G7sLckyBXhmH9ajn8l/RSMnhbuPBV/fXmy3muMcVwoJdHL+UtzRzs0nXOf9SA==",
      "cpu": [
        "arm64"
      ],
      "optional": true,
      "os": [
        "linux"
      ],
      "engines": {
        "node": ">= 10"
      }
    },
    "node_modules/@next/swc-linux-x64-gnu": {
      "version": "15.3.3",
      "resolved": "https://registry.npmjs.org/@next/swc-linux-x64-gnu/-/swc-linux-x64-gnu-15.3.3.tgz",
      "integrity": "sha512-jJ8HRiF3N8Zw6hGlytCj5BiHyG/K+fnTKVDEKvUCyiQ/0r5tgwO7OgaRiOjjRoIx2vwLR+Rz8hQoPrnmFbJdfw==",
      "cpu": [
        "x64"
      ],
      "optional": true,
      "os": [
        "linux"
      ],
      "engines": {
        "node": ">= 10"
      }
    },
    "node_modules/@next/swc-linux-x64-musl": {
      "version": "15.3.3",
      "resolved": "https://registry.npmjs.org/@next/swc-linux-x64-musl/-/swc-linux-x64-musl-15.3.3.tgz",
      "integrity": "sha512-HrUcTr4N+RgiiGn3jjeT6Oo208UT/7BuTr7K0mdKRBtTbT4v9zJqCDKO97DUqqoBK1qyzP1RwvrWTvU6EPh/Cw==",
      "cpu": [
        "x64"
      ],
      "optional": true,
      "os": [
        "linux"
      ],
      "engines": {
        "node": ">= 10"
      }
    },
    "node_modules/@next/swc-win32-arm64-msvc": {
      "version": "15.3.3",
      "resolved": "https://registry.npmjs.org/@next/swc-win32-arm64-msvc/-/swc-win32-arm64-msvc-15.3.3.tgz",
      "integrity": "sha512-SxorONgi6K7ZUysMtRF3mIeHC5aA3IQLmKFQzU0OuhuUYwpOBc1ypaLJLP5Bf3M9k53KUUUj4vTPwzGvl/NwlQ==",
      "cpu": [
        "arm64"
      ],
      "optional": true,
      "os": [
        "win32"
      ],
      "engines": {
        "node": ">= 10"
      }
    },
    "node_modules/@next/swc-win32-x64-msvc": {
      "version": "15.3.3",
      "resolved": "https://registry.npmjs.org/@next/swc-win32-x64-msvc/-/swc-win32-x64-msvc-15.3.3.tgz",
      "integrity": "sha512-4QZG6F8enl9/S2+yIiOiju0iCTFd93d8VC1q9LZS4p/Xuk81W2QDjCFeoogmrWWkAD59z8ZxepBQap2dKS5ruw==",
      "cpu": [
        "x64"
      ],
      "optional": true,
      "os": [
        "win32"
      ],
      "engines": {
        "node": ">= 10"
      }
    }
  }
}
